
Microsoft Visual Studio Solution File, Format Version 12.00
# Visual Studio Version 17
VisualStudioVersion = 17.4.33213.308
MinimumVisualStudioVersion = 10.0.40219.1
Project("{9A19103F-16F7-4668-BE54-9A1E7A4F7556}") = "SocialMediaWebApp", "SocialMediaWebApp\SocialMediaWebApp.csproj", "{AF43E1FE-6424-4977-8F9B-D7B89F823133}"
EndProject
Project("{FAE04EC0-301F-11D3-BF4B-00C04F79EFBC}") = "SocialMediaDesktopApp", "SocialMediaDesktopApp\SocialMediaDesktopApp.csproj", "{30A18FF4-C12A-4999-8A94-5DE56F4C143A}"
EndProject
Project("{FAE04EC0-301F-11D3-BF4B-00C04F79EFBC}") = "SocialMedia.BusinessLogic", "SocialMedia.BusinessLogic\SocialMedia.BusinessLogic.csproj", "{D0F4A86C-C9C1-4A6D-ABEC-B9EA24C5FDFB}"
EndProject
Project("{FAE04EC0-301F-11D3-BF4B-00C04F79EFBC}") = "SocialMedia.DataAccess", "SocialMedia.DataAccess\SocialMedia.DataAccess.csproj", "{F5A39CD3-AFCA-4203-A769-5638E3CFE2E3}"
EndProject
Global
	GlobalSection(SolutionConfigurationPlatforms) = preSolution
		Debug|Any CPU = Debug|Any CPU
		Release|Any CPU = Release|Any CPU
	EndGlobalSection
	GlobalSection(ProjectConfigurationPlatforms) = postSolution
		{AF43E1FE-6424-4977-8F9B-D7B89F823133}.Debug|Any CPU.ActiveCfg = Debug|Any CPU
		{AF43E1FE-6424-4977-8F9B-D7B89F823133}.Debug|Any CPU.Build.0 = Debug|Any CPU
		{AF43E1FE-6424-4977-8F9B-D7B89F823133}.Release|Any CPU.ActiveCfg = Release|Any CPU
		{AF43E1FE-6424-4977-8F9B-D7B89F823133}.Release|Any CPU.Build.0 = Release|Any CPU
		{30A18FF4-C12A-4999-8A94-5DE56F4C143A}.Debug|Any CPU.ActiveCfg = Debug|Any CPU
		{30A18FF4-C12A-4999-8A94-5DE56F4C143A}.Debug|Any CPU.Build.0 = Debug|Any CPU
		{30A18FF4-C12A-4999-8A94-5DE56F4C143A}.Release|Any CPU.ActiveCfg = Release|Any CPU
		{30A18FF4-C12A-4999-8A94-5DE56F4C143A}.Release|Any CPU.Build.0 = Release|Any CPU
		{D0F4A86C-C9C1-4A6D-ABEC-B9EA24C5FDFB}.Debug|Any CPU.ActiveCfg = Debug|Any CPU
		{D0F4A86C-C9C1-4A6D-ABEC-B9EA24C5FDFB}.Debug|Any CPU.Build.0 = Debug|Any CPU
		{D0F4A86C-C9C1-4A6D-ABEC-B9EA24C5FDFB}.Release|Any CPU.ActiveCfg = Release|Any CPU
		{D0F4A86C-C9C1-4A6D-ABEC-B9EA24C5FDFB}.Release|Any CPU.Build.0 = Release|Any CPU
		{F5A39CD3-AFCA-4203-A769-5638E3CFE2E3}.Debug|Any CPU.ActiveCfg = Debug|Any CPU
		{F5A39CD3-AFCA-4203-A769-5638E3CFE2E3}.Debug|Any CPU.Build.0 = Debug|Any CPU
		{F5A39CD3-AFCA-4203-A769-5638E3CFE2E3}.Release|Any CPU.ActiveCfg = Release|Any CPU
		{F5A39CD3-AFCA-4203-A769-5638E3CFE2E3}.Release|Any CPU.Build.0 = Release|Any CPU
	EndGlobalSection
	GlobalSection(SolutionProperties) = preSolution
		HideSolutionNode = FALSE
	EndGlobalSection
	GlobalSection(ExtensibilityGlobals) = postSolution
		SolutionGuid = {55A69C35-8731-40B8-A755-DC214AD00336}
	EndGlobalSection
EndGlobal
